
Microsoft Visual Studio Solution File, Format Version 12.00
# Visual Studio Version 17
VisualStudioVersion = 17.14.36203.30 d17.14
MinimumVisualStudioVersion = 10.0.40219.1
Project("{FAE04EC0-301F-11D3-BF4B-00C04F79EFBC}") = "URLShorter", "URLShorter\URLShorter.csproj", "{0731D55B-2CEE-4B7C-939E-D55A09212198}"
EndProject
Global
	GlobalSection(SolutionConfigurationPlatforms) = preSolution
		Debug|Any CPU = Debug|Any CPU
		Release|Any CPU = Release|Any CPU
	EndGlobalSection
	GlobalSection(ProjectConfigurationPlatforms) = postSolution
		{0731D55B-2CEE-4B7C-939E-D55A09212198}.Debug|Any CPU.ActiveCfg = Debug|Any CPU
		{0731D55B-2CEE-4B7C-939E-D55A09212198}.Debug|Any CPU.Build.0 = Debug|Any CPU
		{0731D55B-2CEE-4B7C-939E-D55A09212198}.Release|Any CPU.ActiveCfg = Release|Any CPU
		{0731D55B-2CEE-4B7C-939E-D55A09212198}.Release|Any CPU.Build.0 = Release|Any CPU
	EndGlobalSection
	GlobalSection(SolutionProperties) = preSolution
		HideSolutionNode = FALSE
	EndGlobalSection
	GlobalSection(ExtensibilityGlobals) = postSolution
		SolutionGuid = {60CF95A3-71CD-4732-8385-4E77C11C515A}
	EndGlobalSection
EndGlobal
